<?xml version="1.0" encoding="utf-8"?>
<Project ToolsVersion="4.0" xmlns="http://schemas.microsoft.com/developer/msbuild/2003">
  <ItemGroup>
    <Filter Include="Shared">
      <UniqueIdentifier>{7db40d2c-7868-4bcc-bc8f-81cbd7dc9dcc}</UniqueIdentifier>
    </Filter>
  </ItemGroup>
  <ItemGroup>
    <ClCompile Include="Main.cpp" />
  </ItemGroup>
  <ItemGroup>
    <ClInclude Include="..\Jagerts.Felcp.Shared\Common.hpp">
      <Filter>Shared</Filter>
    </ClInclude>
  </ItemGroup>
</Project>