<?xml version="1.0" encoding="utf-8"?>
<Project ToolsVersion="4.0" xmlns="http://schemas.microsoft.com/developer/msbuild/2003">
  <ItemGroup>
    <Filter Include="Shared">
      <UniqueIdentifier>{b11bc0f7-b3e1-443e-b21f-cd0e3e0e5c8c}</UniqueIdentifier>
    </Filter>
    <Filter Include="Decoders">
      <UniqueIdentifier>{ca058a7f-e971-4af4-8e30-e5d89e0d534a}</UniqueIdentifier>
    </Filter>
  </ItemGroup>
  <ItemGroup>
    <ClInclude Include="..\Jagerts.Felcp.Shared\Common.hpp">
      <Filter>Shared</Filter>
    </ClInclude>
    <ClInclude Include="ImageDecoder.hpp">
      <Filter>Decoders</Filter>
    </ClInclude>
  </ItemGroup>
  <ItemGroup>
    <ClCompile Include="ImageDecoder.cpp">
      <Filter>Decoders</Filter>
    </ClCompile>
  </ItemGroup>
</Project>