<?xml version="1.0" encoding="utf-8"?>
<Project ToolsVersion="4.0" xmlns="http://schemas.microsoft.com/developer/msbuild/2003">
  <ItemGroup>
    <ClInclude Include="..\Jagerts.Felcp.Shared\Common.hpp">
      <Filter>Shared</Filter>
    </ClInclude>
    <ClInclude Include="VectorHelper.hpp">
      <Filter>Helpers</Filter>
    </ClInclude>
    <ClInclude Include="StringHelper.hpp">
      <Filter>Helpers</Filter>
    </ClInclude>
    <ClInclude Include="EventHandler.hpp">
      <Filter>Events</Filter>
    </ClInclude>
    <ClInclude Include="PrimitiveTypes.hpp">
      <Filter>Types</Filter>
    </ClInclude>
    <ClInclude Include="Nullable.hpp">
      <Filter>Types</Filter>
    </ClInclude>
    <ClInclude Include="Serializable.hpp">
      <Filter>Types</Filter>
    </ClInclude>
    <ClInclude Include="Deserializable.hpp">
      <Filter>Types</Filter>
    </ClInclude>
  </ItemGroup>
  <ItemGroup>
    <ClCompile Include="StringHelper.cpp">
      <Filter>Helpers</Filter>
    </ClCompile>
  </ItemGroup>
  <ItemGroup>
    <Filter Include="Shared">
      <UniqueIdentifier>{1397a4a4-01fa-412f-bbec-294807199d18}</UniqueIdentifier>
    </Filter>
    <Filter Include="Helpers">
      <UniqueIdentifier>{9cd4cc82-458e-46a3-84dd-d12fd1f834c6}</UniqueIdentifier>
    </Filter>
    <Filter Include="Events">
      <UniqueIdentifier>{36d2ae2d-e0bc-49d7-b3a5-dcdb147a5d26}</UniqueIdentifier>
    </Filter>
    <Filter Include="Types">
      <UniqueIdentifier>{e7018188-6d1a-4bf5-83c4-4cb591e215d8}</UniqueIdentifier>
    </Filter>
  </ItemGroup>
</Project>